
Microsoft Visual Studio Solution File, Format Version 12.00
# Visual Studio Version 17
VisualStudioVersion = 17.9.34723.18
MinimumVisualStudioVersion = 10.0.40219.1
Project("{FAE04EC0-301F-11D3-BF4B-00C04F79EFBC}") = "ChillCo", "ChillCo\ChillCo.csproj", "{8EA8840C-2D68-4D47-AB1B-802300F90AB6}"
EndProject
Global
	GlobalSection(SolutionConfigurationPlatforms) = preSolution
		Debug|Any CPU = Debug|Any CPU
		Release|Any CPU = Release|Any CPU
	EndGlobalSection
	GlobalSection(ProjectConfigurationPlatforms) = postSolution
		{8EA8840C-2D68-4D47-AB1B-802300F90AB6}.Debug|Any CPU.ActiveCfg = Debug|Any CPU
		{8EA8840C-2D68-4D47-AB1B-802300F90AB6}.Debug|Any CPU.Build.0 = Debug|Any CPU
		{8EA8840C-2D68-4D47-AB1B-802300F90AB6}.Release|Any CPU.ActiveCfg = Release|Any CPU
		{8EA8840C-2D68-4D47-AB1B-802300F90AB6}.Release|Any CPU.Build.0 = Release|Any CPU
	EndGlobalSection
	GlobalSection(SolutionProperties) = preSolution
		HideSolutionNode = FALSE
	EndGlobalSection
	GlobalSection(ExtensibilityGlobals) = postSolution
		SolutionGuid = {9A989E27-7A80-42F9-AB8E-AE428C6469BA}
	EndGlobalSection
EndGlobal
